
Microsoft Visual Studio Solution File, Format Version 12.00
# Visual Studio Version 16
VisualStudioVersion = 16.0.30523.141
MinimumVisualStudioVersion = 10.0.40219.1
Project("{9A19103F-16F7-4668-BE54-9A1E7A4F7556}") = "TTU-AssetTag", "TTU-AssetTag.csproj", "{C37205BB-0277-4B00-A22C-594CAF0FB6E9}"
EndProject
Global
	GlobalSection(SolutionConfigurationPlatforms) = preSolution
		Debug|Any CPU = Debug|Any CPU
		Release|Any CPU = Release|Any CPU
	EndGlobalSection
	GlobalSection(ProjectConfigurationPlatforms) = postSolution
		{C37205BB-0277-4B00-A22C-594CAF0FB6E9}.Debug|Any CPU.ActiveCfg = Debug|Any CPU
		{C37205BB-0277-4B00-A22C-594CAF0FB6E9}.Debug|Any CPU.Build.0 = Debug|Any CPU
		{C37205BB-0277-4B00-A22C-594CAF0FB6E9}.Release|Any CPU.ActiveCfg = Release|Any CPU
		{C37205BB-0277-4B00-A22C-594CAF0FB6E9}.Release|Any CPU.Build.0 = Release|Any CPU
	EndGlobalSection
	GlobalSection(SolutionProperties) = preSolution
		HideSolutionNode = FALSE
	EndGlobalSection
	GlobalSection(ExtensibilityGlobals) = postSolution
		SolutionGuid = {0A0C2CC2-291C-4155-BA53-C9986BE9CC25}
	EndGlobalSection
EndGlobal
